
Microsoft Visual Studio Solution File, Format Version 12.00
Project("{FAE04EC0-301F-11D3-BF4B-00C04F79EFBC}") = "ConsoleApp", "ConsoleApp\ConsoleApp.csproj", "{0D96BCBB-5F58-4BA0-AD0C-7E532543C0B7}"
EndProject
Project("{FAE04EC0-301F-11D3-BF4B-00C04F79EFBC}") = "WebApp", "WebApp\WebApp.csproj", "{F9EA68E0-2390-4464-AAF7-BCD3DD6724C7}"
EndProject
Project("{2150E333-8FDC-42A3-9474-1A3956D46DE8}") = "Docker", "Docker", "{2E41E7CE-9518-4D0E-B959-CA8F988607BD}"
ProjectSection(SolutionItems) = preProject
	..\..\docker-compose.yml = ..\..\docker-compose.yml
	..\..\README.md = ..\..\README.md
EndProjectSection
EndProject
Project("{2150E333-8FDC-42A3-9474-1A3956D46DE8}") = "config", "config", "{A0A0B24C-4D6C-4723-806D-F44D0FBEDB6D}"
ProjectSection(SolutionItems) = preProject
	..\..\config\logstash.conf = ..\..\config\logstash.conf
	..\..\config\metricbeat.yml = ..\..\config\metricbeat.yml
EndProjectSection
EndProject
Global
	GlobalSection(SolutionConfigurationPlatforms) = preSolution
		Debug|Any CPU = Debug|Any CPU
		Release|Any CPU = Release|Any CPU
	EndGlobalSection
	GlobalSection(ProjectConfigurationPlatforms) = postSolution
		{0D96BCBB-5F58-4BA0-AD0C-7E532543C0B7}.Debug|Any CPU.ActiveCfg = Debug|Any CPU
		{0D96BCBB-5F58-4BA0-AD0C-7E532543C0B7}.Debug|Any CPU.Build.0 = Debug|Any CPU
		{0D96BCBB-5F58-4BA0-AD0C-7E532543C0B7}.Release|Any CPU.ActiveCfg = Release|Any CPU
		{0D96BCBB-5F58-4BA0-AD0C-7E532543C0B7}.Release|Any CPU.Build.0 = Release|Any CPU
		{F9EA68E0-2390-4464-AAF7-BCD3DD6724C7}.Debug|Any CPU.ActiveCfg = Debug|Any CPU
		{F9EA68E0-2390-4464-AAF7-BCD3DD6724C7}.Debug|Any CPU.Build.0 = Debug|Any CPU
		{F9EA68E0-2390-4464-AAF7-BCD3DD6724C7}.Release|Any CPU.ActiveCfg = Release|Any CPU
		{F9EA68E0-2390-4464-AAF7-BCD3DD6724C7}.Release|Any CPU.Build.0 = Release|Any CPU
	EndGlobalSection
	GlobalSection(NestedProjects) = preSolution
		{A0A0B24C-4D6C-4723-806D-F44D0FBEDB6D} = {2E41E7CE-9518-4D0E-B959-CA8F988607BD}
	EndGlobalSection
EndGlobal
